{
    "version": 3,
    "terraform_version": "0.11.7",
    "serial": 3,
    "lineage": "d761c95f-b13e-ddb2-ddb6-467cedd8260d",
    "modules": [
        {
            "path": [
                "root"
            ],
            "outputs": {},
            "resources": {},
            "depends_on": []
        },
        {
            "path": [
                "root",
                "vpc"
            ],
            "outputs": {
                "database_subnet_group": {
                    "sensitive": false,
                    "type": "string",
                    "value": "aquatalk01"
                },
                "database_subnets": {
                    "sensitive": false,
                    "type": "list",
                    "value": [
                        "subnet-01f1504b08d25ddd2",
                        "subnet-082d9130476074aed"
                    ]
                },
                "database_subnets_cidr_blocks": {
                    "sensitive": false,
                    "type": "list",
                    "value": [
                        "10.0.21.0/24",
                        "10.0.22.0/24"
                    ]
                },
                "default_network_acl_id": {
                    "sensitive": false,
                    "type": "string",
                    "value": "acl-0959018a8c9cd92c5"
                },
                "default_route_table_id": {
                    "sensitive": false,
                    "type": "string",
                    "value": "rtb-0de4a7c1aa8d7e24f"
                },
                "default_security_group_id": {
                    "sensitive": false,
                    "type": "string",
                    "value": "sg-0868045e4c5c19ea2"
                },
                "default_vpc_cidr_block": {
                    "sensitive": false,
                    "type": "string",
                    "value": ""
                },
                "default_vpc_default_network_acl_id": {
                    "sensitive": false,
                    "type": "string",
                    "value": ""
                },
                "default_vpc_default_route_table_id": {
                    "sensitive": false,
                    "type": "string",
                    "value": ""
                },
                "default_vpc_default_security_group_id": {
                    "sensitive": false,
                    "type": "string",
                    "value": ""
                },
                "default_vpc_enable_dns_hostnames": {
                    "sensitive": false,
                    "type": "string",
                    "value": ""
                },
                "default_vpc_enable_dns_support": {
                    "sensitive": false,
                    "type": "string",
                    "value": ""
                },
                "default_vpc_id": {
                    "sensitive": false,
                    "type": "string",
                    "value": ""
                },
                "default_vpc_instance_tenancy": {
                    "sensitive": false,
                    "type": "string",
                    "value": ""
                },
                "default_vpc_main_route_table_id": {
                    "sensitive": false,
                    "type": "string",
                    "value": ""
                },
                "elasticache_subnet_group": {
                    "sensitive": false,
                    "type": "string",
                    "value": ""
                },
                "elasticache_subnet_group_name": {
                    "sensitive": false,
                    "type": "string",
                    "value": ""
                },
                "elasticache_subnets": {
                    "sensitive": false,
                    "type": "list",
                    "value": []
                },
                "elasticache_subnets_cidr_blocks": {
                    "sensitive": false,
                    "type": "list",
                    "value": []
                },
                "igw_id": {
                    "sensitive": false,
                    "type": "string",
                    "value": "igw-02a7d0ab5680dbd21"
                },
                "intra_route_table_ids": {
                    "sensitive": false,
                    "type": "list",
                    "value": []
                },
                "intra_subnets": {
                    "sensitive": false,
                    "type": "list",
                    "value": []
                },
                "intra_subnets_cidr_blocks": {
                    "sensitive": false,
                    "type": "list",
                    "value": []
                },
                "nat_ids": {
                    "sensitive": false,
                    "type": "list",
                    "value": [
                        "eipalloc-07015048ef7082bb7",
                        "eipalloc-014783c17a3422cc7"
                    ]
                },
                "nat_public_ips": {
                    "sensitive": false,
                    "type": "list",
                    "value": [
                        "54.146.43.184",
                        "23.22.175.206"
                    ]
                },
                "natgw_ids": {
                    "sensitive": false,
                    "type": "list",
                    "value": [
                        "nat-07d15e35c5f9652b4",
                        "nat-07a25c09210de5250"
                    ]
                },
                "private_route_table_ids": {
                    "sensitive": false,
                    "type": "list",
                    "value": [
                        "rtb-0210e7ede0138feae",
                        "rtb-0a7032956a4b9eba6"
                    ]
                },
                "private_subnets": {
                    "sensitive": false,
                    "type": "list",
                    "value": [
                        "subnet-0269c72bdb066752e",
                        "subnet-00dd976ece3d93851"
                    ]
                },
                "private_subnets_cidr_blocks": {
                    "sensitive": false,
                    "type": "list",
                    "value": [
                        "10.0.1.0/24",
                        "10.0.2.0/24"
                    ]
                },
                "public_route_table_ids": {
                    "sensitive": false,
                    "type": "list",
                    "value": [
                        "rtb-0d10a636d9803a8f7"
                    ]
                },
                "public_subnets": {
                    "sensitive": false,
                    "type": "list",
                    "value": [
                        "subnet-08aba91f820ebd9ec",
                        "subnet-01f754af22cb408c8"
                    ]
                },
                "public_subnets_cidr_blocks": {
                    "sensitive": false,
                    "type": "list",
                    "value": [
                        "10.0.11.0/24",
                        "10.0.12.0/24"
                    ]
                },
                "redshift_subnet_group": {
                    "sensitive": false,
                    "type": "string",
                    "value": ""
                },
                "redshift_subnets": {
                    "sensitive": false,
                    "type": "list",
                    "value": []
                },
                "redshift_subnets_cidr_blocks": {
                    "sensitive": false,
                    "type": "list",
                    "value": []
                },
                "vgw_id": {
                    "sensitive": false,
                    "type": "string",
                    "value": ""
                },
                "vpc_cidr_block": {
                    "sensitive": false,
                    "type": "string",
                    "value": "10.0.0.0/16"
                },
                "vpc_enable_dns_hostnames": {
                    "sensitive": false,
                    "type": "string",
                    "value": "true"
                },
                "vpc_enable_dns_support": {
                    "sensitive": false,
                    "type": "string",
                    "value": "true"
                },
                "vpc_endpoint_dynamodb_id": {
                    "sensitive": false,
                    "type": "string",
                    "value": ""
                },
                "vpc_endpoint_dynamodb_pl_id": {
                    "sensitive": false,
                    "type": "string",
                    "value": ""
                },
                "vpc_endpoint_s3_id": {
                    "sensitive": false,
                    "type": "string",
                    "value": "vpce-0b0e795fbbbd4cc5e"
                },
                "vpc_endpoint_s3_pl_id": {
                    "sensitive": false,
                    "type": "string",
                    "value": "pl-63a5400a"
                },
                "vpc_id": {
                    "sensitive": false,
                    "type": "string",
                    "value": "vpc-01f14f9d78fbbb683"
                },
                "vpc_instance_tenancy": {
                    "sensitive": false,
                    "type": "string",
                    "value": "default"
                },
                "vpc_main_route_table_id": {
                    "sensitive": false,
                    "type": "string",
                    "value": "rtb-0de4a7c1aa8d7e24f"
                }
            },
            "resources": {
                "aws_db_subnet_group.database": {
                    "type": "aws_db_subnet_group",
                    "depends_on": [
                        "aws_subnet.database.*"
                    ],
                    "primary": {
                        "id": "aquatalk01",
                        "attributes": {
                            "arn": "arn:aws:rds:us-east-1:674535337008:subgrp:aquatalk01",
                            "description": "Database subnet group for aquatalk01",
                            "id": "aquatalk01",
                            "name": "aquatalk01",
                            "subnet_ids.#": "2",
                            "subnet_ids.1080059315": "subnet-01f1504b08d25ddd2",
                            "subnet_ids.4274567218": "subnet-082d9130476074aed",
                            "tags.%": "3",
                            "tags.Customer": "aquatalk01",
                            "tags.Name": "aquatalk01",
                            "tags.Owner": "terraform"
                        },
                        "meta": {},
                        "tainted": false
                    },
                    "deposed": [],
                    "provider": "provider.aws"
                },
                "aws_eip.nat.0": {
                    "type": "aws_eip",
                    "depends_on": [
                        "local.nat_gateway_count"
                    ],
                    "primary": {
                        "id": "eipalloc-07015048ef7082bb7",
                        "attributes": {
                            "association_id": "",
                            "domain": "vpc",
                            "id": "eipalloc-07015048ef7082bb7",
                            "instance": "",
                            "network_interface": "",
                            "private_ip": "",
                            "public_ip": "54.146.43.184",
                            "tags.%": "3",
                            "tags.Customer": "aquatalk01",
                            "tags.Name": "aquatalk01-us-east-1a",
                            "tags.Owner": "terraform",
                            "vpc": "true"
                        },
                        "meta": {
                            "e2bfb730-ecaa-11e6-8f88-34363bc7c4c0": {
                                "delete": 180000000000,
                                "read": 900000000000,
                                "update": 300000000000
                            }
                        },
                        "tainted": false
                    },
                    "deposed": [],
                    "provider": "provider.aws"
                },
                "aws_eip.nat.1": {
                    "type": "aws_eip",
                    "depends_on": [
                        "local.nat_gateway_count"
                    ],
                    "primary": {
                        "id": "eipalloc-014783c17a3422cc7",
                        "attributes": {
                            "association_id": "",
                            "domain": "vpc",
                            "id": "eipalloc-014783c17a3422cc7",
                            "instance": "",
                            "network_interface": "",
                            "private_ip": "",
                            "public_ip": "23.22.175.206",
                            "tags.%": "3",
                            "tags.Customer": "aquatalk01",
                            "tags.Name": "aquatalk01-us-east-1b",
                            "tags.Owner": "terraform",
                            "vpc": "true"
                        },
                        "meta": {
                            "e2bfb730-ecaa-11e6-8f88-34363bc7c4c0": {
                                "delete": 180000000000,
                                "read": 900000000000,
                                "update": 300000000000
                            }
                        },
                        "tainted": false
                    },
                    "deposed": [],
                    "provider": "provider.aws"
                },
                "aws_internet_gateway.this": {
                    "type": "aws_internet_gateway",
                    "depends_on": [
                        "aws_vpc.this"
                    ],
                    "primary": {
                        "id": "igw-02a7d0ab5680dbd21",
                        "attributes": {
                            "id": "igw-02a7d0ab5680dbd21",
                            "tags.%": "3",
                            "tags.Customer": "aquatalk01",
                            "tags.Name": "aquatalk01",
                            "tags.Owner": "terraform",
                            "vpc_id": "vpc-01f14f9d78fbbb683"
                        },
                        "meta": {},
                        "tainted": false
                    },
                    "deposed": [],
                    "provider": "provider.aws"
                },
                "aws_nat_gateway.this.0": {
                    "type": "aws_nat_gateway",
                    "depends_on": [
                        "aws_internet_gateway.this",
                        "aws_subnet.public.*",
                        "local.nat_gateway_count",
                        "local.nat_gateway_ips"
                    ],
                    "primary": {
                        "id": "nat-07d15e35c5f9652b4",
                        "attributes": {
                            "allocation_id": "eipalloc-07015048ef7082bb7",
                            "id": "nat-07d15e35c5f9652b4",
                            "network_interface_id": "eni-06db21afa96ccda9e",
                            "private_ip": "10.0.11.132",
                            "public_ip": "54.146.43.184",
                            "subnet_id": "subnet-08aba91f820ebd9ec",
                            "tags.%": "3",
                            "tags.Customer": "aquatalk01",
                            "tags.Name": "aquatalk01-us-east-1a",
                            "tags.Owner": "terraform"
                        },
                        "meta": {},
                        "tainted": false
                    },
                    "deposed": [],
                    "provider": "provider.aws"
                },
                "aws_nat_gateway.this.1": {
                    "type": "aws_nat_gateway",
                    "depends_on": [
                        "aws_internet_gateway.this",
                        "aws_subnet.public.*",
                        "local.nat_gateway_count",
                        "local.nat_gateway_ips"
                    ],
                    "primary": {
                        "id": "nat-07a25c09210de5250",
                        "attributes": {
                            "allocation_id": "eipalloc-014783c17a3422cc7",
                            "id": "nat-07a25c09210de5250",
                            "network_interface_id": "eni-0b3176ce749b64896",
                            "private_ip": "10.0.12.104",
                            "public_ip": "23.22.175.206",
                            "subnet_id": "subnet-01f754af22cb408c8",
                            "tags.%": "3",
                            "tags.Customer": "aquatalk01",
                            "tags.Name": "aquatalk01-us-east-1b",
                            "tags.Owner": "terraform"
                        },
                        "meta": {},
                        "tainted": false
                    },
                    "deposed": [],
                    "provider": "provider.aws"
                },
                "aws_route.private_nat_gateway.0": {
                    "type": "aws_route",
                    "depends_on": [
                        "aws_nat_gateway.this.*",
                        "aws_route_table.private.*",
                        "local.nat_gateway_count"
                    ],
                    "primary": {
                        "id": "r-rtb-0210e7ede0138feae1080289494",
                        "attributes": {
                            "destination_cidr_block": "0.0.0.0/0",
                            "destination_prefix_list_id": "",
                            "egress_only_gateway_id": "",
                            "gateway_id": "",
                            "id": "r-rtb-0210e7ede0138feae1080289494",
                            "instance_id": "",
                            "instance_owner_id": "",
                            "nat_gateway_id": "nat-07d15e35c5f9652b4",
                            "network_interface_id": "",
                            "origin": "CreateRoute",
                            "route_table_id": "rtb-0210e7ede0138feae",
                            "state": "active",
                            "vpc_peering_connection_id": ""
                        },
                        "meta": {
                            "e2bfb730-ecaa-11e6-8f88-34363bc7c4c0": {
                                "create": 300000000000,
                                "delete": 300000000000
                            }
                        },
                        "tainted": false
                    },
                    "deposed": [],
                    "provider": "provider.aws"
                },
                "aws_route.private_nat_gateway.1": {
                    "type": "aws_route",
                    "depends_on": [
                        "aws_nat_gateway.this.*",
                        "aws_route_table.private.*",
                        "local.nat_gateway_count"
                    ],
                    "primary": {
                        "id": "r-rtb-0a7032956a4b9eba61080289494",
                        "attributes": {
                            "destination_cidr_block": "0.0.0.0/0",
                            "destination_prefix_list_id": "",
                            "egress_only_gateway_id": "",
                            "gateway_id": "",
                            "id": "r-rtb-0a7032956a4b9eba61080289494",
                            "instance_id": "",
                            "instance_owner_id": "",
                            "nat_gateway_id": "nat-07a25c09210de5250",
                            "network_interface_id": "",
                            "origin": "CreateRoute",
                            "route_table_id": "rtb-0a7032956a4b9eba6",
                            "state": "active",
                            "vpc_peering_connection_id": ""
                        },
                        "meta": {
                            "e2bfb730-ecaa-11e6-8f88-34363bc7c4c0": {
                                "create": 300000000000,
                                "delete": 300000000000
                            }
                        },
                        "tainted": false
                    },
                    "deposed": [],
                    "provider": "provider.aws"
                },
                "aws_route.public_internet_gateway": {
                    "type": "aws_route",
                    "depends_on": [
                        "aws_internet_gateway.this",
                        "aws_route_table.public"
                    ],
                    "primary": {
                        "id": "r-rtb-0d10a636d9803a8f71080289494",
                        "attributes": {
                            "destination_cidr_block": "0.0.0.0/0",
                            "destination_prefix_list_id": "",
                            "egress_only_gateway_id": "",
                            "gateway_id": "igw-02a7d0ab5680dbd21",
                            "id": "r-rtb-0d10a636d9803a8f71080289494",
                            "instance_id": "",
                            "instance_owner_id": "",
                            "nat_gateway_id": "",
                            "network_interface_id": "",
                            "origin": "CreateRoute",
                            "route_table_id": "rtb-0d10a636d9803a8f7",
                            "state": "active",
                            "vpc_peering_connection_id": ""
                        },
                        "meta": {
                            "e2bfb730-ecaa-11e6-8f88-34363bc7c4c0": {
                                "create": 300000000000,
                                "delete": 300000000000
                            }
                        },
                        "tainted": false
                    },
                    "deposed": [],
                    "provider": "provider.aws"
                },
                "aws_route_table.private.0": {
                    "type": "aws_route_table",
                    "depends_on": [
                        "aws_vpc.this",
                        "local.max_subnet_length",
                        "local.nat_gateway_count"
                    ],
                    "primary": {
                        "id": "rtb-0210e7ede0138feae",
                        "attributes": {
                            "id": "rtb-0210e7ede0138feae",
                            "propagating_vgws.#": "0",
                            "route.#": "0",
                            "tags.%": "3",
                            "tags.Customer": "aquatalk01",
                            "tags.Name": "aquatalk01-private-us-east-1a",
                            "tags.Owner": "terraform",
                            "vpc_id": "vpc-01f14f9d78fbbb683"
                        },
                        "meta": {},
                        "tainted": false
                    },
                    "deposed": [],
                    "provider": "provider.aws"
                },
                "aws_route_table.private.1": {
                    "type": "aws_route_table",
                    "depends_on": [
                        "aws_vpc.this",
                        "local.max_subnet_length",
                        "local.nat_gateway_count"
                    ],
                    "primary": {
                        "id": "rtb-0a7032956a4b9eba6",
                        "attributes": {
                            "id": "rtb-0a7032956a4b9eba6",
                            "propagating_vgws.#": "0",
                            "route.#": "0",
                            "tags.%": "3",
                            "tags.Customer": "aquatalk01",
                            "tags.Name": "aquatalk01-private-us-east-1b",
                            "tags.Owner": "terraform",
                            "vpc_id": "vpc-01f14f9d78fbbb683"
                        },
                        "meta": {},
                        "tainted": false
                    },
                    "deposed": [],
                    "provider": "provider.aws"
                },
                "aws_route_table.public": {
                    "type": "aws_route_table",
                    "depends_on": [
                        "aws_vpc.this"
                    ],
                    "primary": {
                        "id": "rtb-0d10a636d9803a8f7",
                        "attributes": {
                            "id": "rtb-0d10a636d9803a8f7",
                            "propagating_vgws.#": "0",
                            "route.#": "1",
                            "route.2372639748.cidr_block": "0.0.0.0/0",
                            "route.2372639748.egress_only_gateway_id": "",
                            "route.2372639748.gateway_id": "igw-02a7d0ab5680dbd21",
                            "route.2372639748.instance_id": "",
                            "route.2372639748.ipv6_cidr_block": "",
                            "route.2372639748.nat_gateway_id": "",
                            "route.2372639748.network_interface_id": "",
                            "route.2372639748.vpc_peering_connection_id": "",
                            "tags.%": "3",
                            "tags.Customer": "aquatalk01",
                            "tags.Name": "aquatalk01-public",
                            "tags.Owner": "terraform",
                            "vpc_id": "vpc-01f14f9d78fbbb683"
                        },
                        "meta": {},
                        "tainted": false
                    },
                    "deposed": [],
                    "provider": "provider.aws"
                },
                "aws_route_table_association.database.0": {
                    "type": "aws_route_table_association",
                    "depends_on": [
                        "aws_route_table.private.*",
                        "aws_subnet.database.*"
                    ],
                    "primary": {
                        "id": "rtbassoc-0d492a8af1cc4bb7d",
                        "attributes": {
                            "id": "rtbassoc-0d492a8af1cc4bb7d",
                            "route_table_id": "rtb-0210e7ede0138feae",
                            "subnet_id": "subnet-01f1504b08d25ddd2"
                        },
                        "meta": {},
                        "tainted": false
                    },
                    "deposed": [],
                    "provider": "provider.aws"
                },
                "aws_route_table_association.database.1": {
                    "type": "aws_route_table_association",
                    "depends_on": [
                        "aws_route_table.private.*",
                        "aws_subnet.database.*"
                    ],
                    "primary": {
                        "id": "rtbassoc-0f23cd43c663e3232",
                        "attributes": {
                            "id": "rtbassoc-0f23cd43c663e3232",
                            "route_table_id": "rtb-0a7032956a4b9eba6",
                            "subnet_id": "subnet-082d9130476074aed"
                        },
                        "meta": {},
                        "tainted": false
                    },
                    "deposed": [],
                    "provider": "provider.aws"
                },
                "aws_route_table_association.private.0": {
                    "type": "aws_route_table_association",
                    "depends_on": [
                        "aws_route_table.private.*",
                        "aws_subnet.private.*"
                    ],
                    "primary": {
                        "id": "rtbassoc-082023631418b2e7a",
                        "attributes": {
                            "id": "rtbassoc-082023631418b2e7a",
                            "route_table_id": "rtb-0210e7ede0138feae",
                            "subnet_id": "subnet-0269c72bdb066752e"
                        },
                        "meta": {},
                        "tainted": false
                    },
                    "deposed": [],
                    "provider": "provider.aws"
                },
                "aws_route_table_association.private.1": {
                    "type": "aws_route_table_association",
                    "depends_on": [
                        "aws_route_table.private.*",
                        "aws_subnet.private.*"
                    ],
                    "primary": {
                        "id": "rtbassoc-05c469f4c29ffd5ee",
                        "attributes": {
                            "id": "rtbassoc-05c469f4c29ffd5ee",
                            "route_table_id": "rtb-0a7032956a4b9eba6",
                            "subnet_id": "subnet-00dd976ece3d93851"
                        },
                        "meta": {},
                        "tainted": false
                    },
                    "deposed": [],
                    "provider": "provider.aws"
                },
                "aws_route_table_association.public.0": {
                    "type": "aws_route_table_association",
                    "depends_on": [
                        "aws_route_table.public",
                        "aws_subnet.public.*"
                    ],
                    "primary": {
                        "id": "rtbassoc-0978e527cc5f204c6",
                        "attributes": {
                            "id": "rtbassoc-0978e527cc5f204c6",
                            "route_table_id": "rtb-0d10a636d9803a8f7",
                            "subnet_id": "subnet-08aba91f820ebd9ec"
                        },
                        "meta": {},
                        "tainted": false
                    },
                    "deposed": [],
                    "provider": "provider.aws"
                },
                "aws_route_table_association.public.1": {
                    "type": "aws_route_table_association",
                    "depends_on": [
                        "aws_route_table.public",
                        "aws_subnet.public.*"
                    ],
                    "primary": {
                        "id": "rtbassoc-0d45323a1096e25df",
                        "attributes": {
                            "id": "rtbassoc-0d45323a1096e25df",
                            "route_table_id": "rtb-0d10a636d9803a8f7",
                            "subnet_id": "subnet-01f754af22cb408c8"
                        },
                        "meta": {},
                        "tainted": false
                    },
                    "deposed": [],
                    "provider": "provider.aws"
                },
                "aws_subnet.database.0": {
                    "type": "aws_subnet",
                    "depends_on": [
                        "aws_vpc.this"
                    ],
                    "primary": {
                        "id": "subnet-01f1504b08d25ddd2",
                        "attributes": {
                            "assign_ipv6_address_on_creation": "false",
                            "availability_zone": "us-east-1a",
                            "cidr_block": "10.0.21.0/24",
                            "id": "subnet-01f1504b08d25ddd2",
                            "map_public_ip_on_launch": "false",
                            "tags.%": "3",
                            "tags.Customer": "aquatalk01",
                            "tags.Name": "aquatalk01-db-us-east-1a",
                            "tags.Owner": "terraform",
                            "vpc_id": "vpc-01f14f9d78fbbb683"
                        },
                        "meta": {
                            "schema_version": "1"
                        },
                        "tainted": false
                    },
                    "deposed": [],
                    "provider": "provider.aws"
                },
                "aws_subnet.database.1": {
                    "type": "aws_subnet",
                    "depends_on": [
                        "aws_vpc.this"
                    ],
                    "primary": {
                        "id": "subnet-082d9130476074aed",
                        "attributes": {
                            "assign_ipv6_address_on_creation": "false",
                            "availability_zone": "us-east-1b",
                            "cidr_block": "10.0.22.0/24",
                            "id": "subnet-082d9130476074aed",
                            "map_public_ip_on_launch": "false",
                            "tags.%": "3",
                            "tags.Customer": "aquatalk01",
                            "tags.Name": "aquatalk01-db-us-east-1b",
                            "tags.Owner": "terraform",
                            "vpc_id": "vpc-01f14f9d78fbbb683"
                        },
                        "meta": {
                            "schema_version": "1"
                        },
                        "tainted": false
                    },
                    "deposed": [],
                    "provider": "provider.aws"
                },
                "aws_subnet.private.0": {
                    "type": "aws_subnet",
                    "depends_on": [
                        "aws_vpc.this"
                    ],
                    "primary": {
                        "id": "subnet-0269c72bdb066752e",
                        "attributes": {
                            "assign_ipv6_address_on_creation": "false",
                            "availability_zone": "us-east-1a",
                            "cidr_block": "10.0.1.0/24",
                            "id": "subnet-0269c72bdb066752e",
                            "map_public_ip_on_launch": "false",
                            "tags.%": "3",
                            "tags.Customer": "aquatalk01",
                            "tags.Name": "aquatalk01-private-us-east-1a",
                            "tags.Owner": "terraform",
                            "vpc_id": "vpc-01f14f9d78fbbb683"
                        },
                        "meta": {
                            "schema_version": "1"
                        },
                        "tainted": false
                    },
                    "deposed": [],
                    "provider": "provider.aws"
                },
                "aws_subnet.private.1": {
                    "type": "aws_subnet",
                    "depends_on": [
                        "aws_vpc.this"
                    ],
                    "primary": {
                        "id": "subnet-00dd976ece3d93851",
                        "attributes": {
                            "assign_ipv6_address_on_creation": "false",
                            "availability_zone": "us-east-1b",
                            "cidr_block": "10.0.2.0/24",
                            "id": "subnet-00dd976ece3d93851",
                            "map_public_ip_on_launch": "false",
                            "tags.%": "3",
                            "tags.Customer": "aquatalk01",
                            "tags.Name": "aquatalk01-private-us-east-1b",
                            "tags.Owner": "terraform",
                            "vpc_id": "vpc-01f14f9d78fbbb683"
                        },
                        "meta": {
                            "schema_version": "1"
                        },
                        "tainted": false
                    },
                    "deposed": [],
                    "provider": "provider.aws"
                },
                "aws_subnet.public.0": {
                    "type": "aws_subnet",
                    "depends_on": [
                        "aws_vpc.this"
                    ],
                    "primary": {
                        "id": "subnet-08aba91f820ebd9ec",
                        "attributes": {
                            "assign_ipv6_address_on_creation": "false",
                            "availability_zone": "us-east-1a",
                            "cidr_block": "10.0.11.0/24",
                            "id": "subnet-08aba91f820ebd9ec",
                            "map_public_ip_on_launch": "true",
                            "tags.%": "3",
                            "tags.Customer": "aquatalk01",
                            "tags.Name": "aquatalk01-public-us-east-1a",
                            "tags.Owner": "terraform",
                            "vpc_id": "vpc-01f14f9d78fbbb683"
                        },
                        "meta": {
                            "schema_version": "1"
                        },
                        "tainted": false
                    },
                    "deposed": [],
                    "provider": "provider.aws"
                },
                "aws_subnet.public.1": {
                    "type": "aws_subnet",
                    "depends_on": [
                        "aws_vpc.this"
                    ],
                    "primary": {
                        "id": "subnet-01f754af22cb408c8",
                        "attributes": {
                            "assign_ipv6_address_on_creation": "false",
                            "availability_zone": "us-east-1b",
                            "cidr_block": "10.0.12.0/24",
                            "id": "subnet-01f754af22cb408c8",
                            "map_public_ip_on_launch": "true",
                            "tags.%": "3",
                            "tags.Customer": "aquatalk01",
                            "tags.Name": "aquatalk01-public-us-east-1b",
                            "tags.Owner": "terraform",
                            "vpc_id": "vpc-01f14f9d78fbbb683"
                        },
                        "meta": {
                            "schema_version": "1"
                        },
                        "tainted": false
                    },
                    "deposed": [],
                    "provider": "provider.aws"
                },
                "aws_vpc.this": {
                    "type": "aws_vpc",
                    "depends_on": [],
                    "primary": {
                        "id": "vpc-01f14f9d78fbbb683",
                        "attributes": {
                            "arn": "arn:aws:ec2:us-east-1:674535337008:vpc/vpc-01f14f9d78fbbb683",
                            "assign_generated_ipv6_cidr_block": "false",
                            "cidr_block": "10.0.0.0/16",
                            "default_network_acl_id": "acl-0959018a8c9cd92c5",
                            "default_route_table_id": "rtb-0de4a7c1aa8d7e24f",
                            "default_security_group_id": "sg-0868045e4c5c19ea2",
                            "dhcp_options_id": "dopt-0a9c6f352e03ec105",
                            "enable_classiclink": "false",
                            "enable_classiclink_dns_support": "false",
                            "enable_dns_hostnames": "true",
                            "enable_dns_support": "true",
                            "id": "vpc-01f14f9d78fbbb683",
                            "instance_tenancy": "default",
                            "main_route_table_id": "rtb-0de4a7c1aa8d7e24f",
                            "tags.%": "3",
                            "tags.Customer": "aquatalk01",
                            "tags.Name": "aquatalk01",
                            "tags.Owner": "terraform"
                        },
                        "meta": {
                            "schema_version": "1"
                        },
                        "tainted": false
                    },
                    "deposed": [],
                    "provider": "provider.aws"
                },
                "aws_vpc_dhcp_options.this": {
                    "type": "aws_vpc_dhcp_options",
                    "depends_on": [],
                    "primary": {
                        "id": "dopt-0a9c6f352e03ec105",
                        "attributes": {
                            "domain_name": "aquatalk01.cloud-xylem.net",
                            "domain_name_servers.#": "2",
                            "domain_name_servers.0": "127.0.0.1",
                            "domain_name_servers.1": "10.0.0.2",
                            "id": "dopt-0a9c6f352e03ec105",
                            "tags.%": "3",
                            "tags.Customer": "aquatalk01",
                            "tags.Name": "aquatalk01",
                            "tags.Owner": "terraform"
                        },
                        "meta": {},
                        "tainted": false
                    },
                    "deposed": [],
                    "provider": "provider.aws"
                },
                "aws_vpc_dhcp_options_association.this": {
                    "type": "aws_vpc_dhcp_options_association",
                    "depends_on": [
                        "aws_vpc.this",
                        "aws_vpc_dhcp_options.this"
                    ],
                    "primary": {
                        "id": "dopt-0a9c6f352e03ec105-vpc-01f14f9d78fbbb683",
                        "attributes": {
                            "dhcp_options_id": "dopt-0a9c6f352e03ec105",
                            "id": "dopt-0a9c6f352e03ec105-vpc-01f14f9d78fbbb683",
                            "vpc_id": "vpc-01f14f9d78fbbb683"
                        },
                        "meta": {},
                        "tainted": false
                    },
                    "deposed": [],
                    "provider": "provider.aws"
                },
                "aws_vpc_endpoint.s3": {
                    "type": "aws_vpc_endpoint",
                    "depends_on": [
                        "aws_vpc.this",
                        "data.aws_vpc_endpoint_service.s3"
                    ],
                    "primary": {
                        "id": "vpce-0b0e795fbbbd4cc5e",
                        "attributes": {
                            "cidr_blocks.#": "2",
                            "cidr_blocks.0": "54.231.0.0/17",
                            "cidr_blocks.1": "52.216.0.0/15",
                            "dns_entry.#": "0",
                            "id": "vpce-0b0e795fbbbd4cc5e",
                            "network_interface_ids.#": "0",
                            "policy": "{\"Statement\":[{\"Action\":\"*\",\"Effect\":\"Allow\",\"Principal\":\"*\",\"Resource\":\"*\"}],\"Version\":\"2008-10-17\"}",
                            "prefix_list_id": "pl-63a5400a",
                            "private_dns_enabled": "false",
                            "route_table_ids.#": "3",
                            "route_table_ids.1891407535": "rtb-0a7032956a4b9eba6",
                            "route_table_ids.2338915651": "rtb-0d10a636d9803a8f7",
                            "route_table_ids.958982505": "rtb-0210e7ede0138feae",
                            "security_group_ids.#": "0",
                            "service_name": "com.amazonaws.us-east-1.s3",
                            "state": "available",
                            "subnet_ids.#": "0",
                            "vpc_endpoint_type": "Gateway",
                            "vpc_id": "vpc-01f14f9d78fbbb683"
                        },
                        "meta": {
                            "e2bfb730-ecaa-11e6-8f88-34363bc7c4c0": {
                                "create": 600000000000,
                                "delete": 600000000000,
                                "update": 600000000000
                            }
                        },
                        "tainted": false
                    },
                    "deposed": [],
                    "provider": "provider.aws"
                },
                "aws_vpc_endpoint_route_table_association.private_s3.0": {
                    "type": "aws_vpc_endpoint_route_table_association",
                    "depends_on": [
                        "aws_route_table.private.*",
                        "aws_vpc_endpoint.s3",
                        "local.nat_gateway_count"
                    ],
                    "primary": {
                        "id": "a-vpce-0b0e795fbbbd4cc5e958982505",
                        "attributes": {
                            "id": "a-vpce-0b0e795fbbbd4cc5e958982505",
                            "route_table_id": "rtb-0210e7ede0138feae",
                            "vpc_endpoint_id": "vpce-0b0e795fbbbd4cc5e"
                        },
                        "meta": {},
                        "tainted": false
                    },
                    "deposed": [],
                    "provider": "provider.aws"
                },
                "aws_vpc_endpoint_route_table_association.private_s3.1": {
                    "type": "aws_vpc_endpoint_route_table_association",
                    "depends_on": [
                        "aws_route_table.private.*",
                        "aws_vpc_endpoint.s3",
                        "local.nat_gateway_count"
                    ],
                    "primary": {
                        "id": "a-vpce-0b0e795fbbbd4cc5e1891407535",
                        "attributes": {
                            "id": "a-vpce-0b0e795fbbbd4cc5e1891407535",
                            "route_table_id": "rtb-0a7032956a4b9eba6",
                            "vpc_endpoint_id": "vpce-0b0e795fbbbd4cc5e"
                        },
                        "meta": {},
                        "tainted": false
                    },
                    "deposed": [],
                    "provider": "provider.aws"
                },
                "aws_vpc_endpoint_route_table_association.public_s3": {
                    "type": "aws_vpc_endpoint_route_table_association",
                    "depends_on": [
                        "aws_route_table.public",
                        "aws_vpc_endpoint.s3"
                    ],
                    "primary": {
                        "id": "a-vpce-0b0e795fbbbd4cc5e2338915651",
                        "attributes": {
                            "id": "a-vpce-0b0e795fbbbd4cc5e2338915651",
                            "route_table_id": "rtb-0d10a636d9803a8f7",
                            "vpc_endpoint_id": "vpce-0b0e795fbbbd4cc5e"
                        },
                        "meta": {},
                        "tainted": false
                    },
                    "deposed": [],
                    "provider": "provider.aws"
                },
                "data.aws_vpc_endpoint_service.s3": {
                    "type": "aws_vpc_endpoint_service",
                    "depends_on": [],
                    "primary": {
                        "id": "195798706",
                        "attributes": {
                            "acceptance_required": "false",
                            "availability_zones.#": "6",
                            "availability_zones.1252502072": "us-east-1f",
                            "availability_zones.1305112097": "us-east-1b",
                            "availability_zones.2762590996": "us-east-1d",
                            "availability_zones.3551460226": "us-east-1e",
                            "availability_zones.3569565595": "us-east-1a",
                            "availability_zones.986537655": "us-east-1c",
                            "base_endpoint_dns_names.#": "1",
                            "base_endpoint_dns_names.1629071467": "s3.us-east-1.amazonaws.com",
                            "id": "195798706",
                            "owner": "amazon",
                            "private_dns_name": "",
                            "service": "s3",
                            "service_name": "com.amazonaws.us-east-1.s3",
                            "service_type": "Gateway",
                            "vpc_endpoint_policy_supported": "true"
                        },
                        "meta": {},
                        "tainted": false
                    },
                    "deposed": [],
                    "provider": "provider.aws"
                }
            },
            "depends_on": []
        }
    ]
}
